
Microsoft Visual Studio Solution File, Format Version 12.00
# Visual Studio Version 16
VisualStudioVersion = 16.0.29519.87
MinimumVisualStudioVersion = 10.0.40219.1
Project("{FAE04EC0-301F-11D3-BF4B-00C04F79EFBC}") = "WindowsFormsAvianos", "WindowsFormsAvianos.csproj", "{F6F591CF-0B20-40CA-B55D-F6F41A4E08D3}"
EndProject
Global
	GlobalSection(SolutionConfigurationPlatforms) = preSolution
		Debug|Any CPU = Debug|Any CPU
		Release|Any CPU = Release|Any CPU
	EndGlobalSection
	GlobalSection(ProjectConfigurationPlatforms) = postSolution
		{F6F591CF-0B20-40CA-B55D-F6F41A4E08D3}.Debug|Any CPU.ActiveCfg = Debug|Any CPU
		{F6F591CF-0B20-40CA-B55D-F6F41A4E08D3}.Debug|Any CPU.Build.0 = Debug|Any CPU
		{F6F591CF-0B20-40CA-B55D-F6F41A4E08D3}.Release|Any CPU.ActiveCfg = Release|Any CPU
		{F6F591CF-0B20-40CA-B55D-F6F41A4E08D3}.Release|Any CPU.Build.0 = Release|Any CPU
	EndGlobalSection
	GlobalSection(SolutionProperties) = preSolution
		HideSolutionNode = FALSE
	EndGlobalSection
	GlobalSection(ExtensibilityGlobals) = postSolution
		SolutionGuid = {95E79896-433C-4B6E-AA87-C17198EFD329}
	EndGlobalSection
EndGlobal
